{
  "version": 1,
  "dependencies": {
    ".NETStandard,Version=v2.0": {
      "DotNet.ReproducibleBuilds": {
        "type": "Direct",
        "requested": "[0.1.26, )",
        "resolved": "0.1.26",
        "contentHash": "dZG0AW8tFGaQo5y7siQt3/kAkxthXLDe3aL9Y0ycwAfyYiv5SKFfaFRMQJKQgFhMLyATuLX0uLtF35bvrQ+kDg==",
        "dependencies": {
          "Microsoft.SourceLink.AzureRepos.Git": "1.0.0",
          "Microsoft.SourceLink.Bitbucket.Git": "1.0.0",
          "Microsoft.SourceLink.GitHub": "1.0.0",
          "Microsoft.SourceLink.GitLab": "1.0.0"
        }
      },
      "Fable.Core": {
        "type": "Direct",
        "requested": "[3.2.5, )",
        "resolved": "3.2.5",
        "contentHash": "HgMU0gtBbgnvBn1FzmCR3S+N82EDE2C/rUYkym4vQz1YkbFTa9cBXpNR3oVKxLA/ysr+rvn0rXhMednQsDqZ1g==",
        "dependencies": {
          "FSharp.Core": "4.7.2"
        }
      },
      "FSharp.Core": {
        "type": "Direct",
        "requested": "[5.0.0, )",
        "resolved": "5.0.0",
        "contentHash": "iHoYXA0VaSQUONGENB1aVafjDDZDZpwu39MtaRCTrmwFW/cTcK0b2yKNVYneFHJMc3ChtsSoM9lNtJ1dYXkHfA=="
      },
      "NETStandard.Library": {
        "type": "Direct",
        "requested": "[2.0.3, )",
        "resolved": "2.0.3",
        "contentHash": "st47PosZSHrjECdjeIzZQbzivYBJFv6P2nv4cj2ypdI204DO+vZ7l5raGMiX4eXMJ53RfOIg+/s4DHVZ54Nu2A==",
        "dependencies": {
          "Microsoft.NETCore.Platforms": "1.1.0"
        }
      },
      "Microsoft.Build.Tasks.Git": {
        "type": "Transitive",
        "resolved": "1.0.0",
        "contentHash": "z2fpmmt+1Jfl+ZnBki9nSP08S1/tbEOxFdsK1rSR+LBehIJz1Xv9/6qOOoGNqlwnAGGVGis1Oj6S8Kt9COEYlQ=="
      },
      "Microsoft.NETCore.Platforms": {
        "type": "Transitive",
        "resolved": "1.1.0",
        "contentHash": "kz0PEW2lhqygehI/d6XsPCQzD7ff7gUJaVGPVETX611eadGsA3A877GdSlU0LRVMCTH/+P3o2iDTak+S08V2+A=="
      },
      "Microsoft.SourceLink.AzureRepos.Git": {
        "type": "Transitive",
        "resolved": "1.0.0",
        "contentHash": "KqaJ7iLXKDwBZn0HiT/gdyElvq0Tf96iHEUSdeT9mFf5bfF7XjVrLLoSVYc9cB2MZ+EY1YTfqkBqbkM4qcqWLA==",
        "dependencies": {
          "Microsoft.Build.Tasks.Git": "1.0.0",
          "Microsoft.SourceLink.Common": "1.0.0"
        }
      },
      "Microsoft.SourceLink.Bitbucket.Git": {
        "type": "Transitive",
        "resolved": "1.0.0",
        "contentHash": "V3mISChctXdaVmhNKnvKEmVPte1Nsc/q+RGs6KE4iP6osnyzjPVS2BXLynnqlJm7OXbp0ZhvUgAMMYQjSFQD/Q==",
        "dependencies": {
          "Microsoft.Build.Tasks.Git": "1.0.0",
          "Microsoft.SourceLink.Common": "1.0.0"
        }
      },
      "Microsoft.SourceLink.Common": {
        "type": "Transitive",
        "resolved": "1.0.0",
        "contentHash": "G8DuQY8/DK5NN+3jm5wcMcd9QYD90UV7MiLmdljSJixi3U/vNaeBKmmXUqI4DJCOeWizIUEh4ALhSt58mR+5eg=="
      },
      "Microsoft.SourceLink.GitHub": {
        "type": "Transitive",
        "resolved": "1.0.0",
        "contentHash": "aZyGyGg2nFSxix+xMkPmlmZSsnGQ3w+mIG23LTxJZHN+GPwTQ5FpPgDo7RMOq+Kcf5D4hFWfXkGhoGstawX13Q==",
        "dependencies": {
          "Microsoft.Build.Tasks.Git": "1.0.0",
          "Microsoft.SourceLink.Common": "1.0.0"
        }
      },
      "Microsoft.SourceLink.GitLab": {
        "type": "Transitive",
        "resolved": "1.0.0",
        "contentHash": "0KpcS/YahCaOMKpxxPQh8VwtHzSSJi2MAeBvFeiNAMIx9nIDB4X8bItWEWRmhTUhWAzHlcomLpx3EsXD+slEMw==",
        "dependencies": {
          "Microsoft.Build.Tasks.Git": "1.0.0",
          "Microsoft.SourceLink.Common": "1.0.0"
        }
      }
    }
  }
}