{
  "version": 2,
  "dependencies": {
    ".NETStandard,Version=v2.1": {
      "EasyBuild.PackageReleaseNotes.Tasks": {
        "type": "Direct",
        "requested": "[1.2.0, )",
        "resolved": "1.2.0",
        "contentHash": "Fy/NaewrJUaUBIr2KTI7lTZsV5KLNL1YTGPM9pvglf7dYAlSWcvsmVWD2xr+FohuG9oEDbnxeYQNBZqOi4Is6g=="
      },
      "Fable.Lit": {
        "type": "Direct",
        "requested": "[1.4.2, )",
        "resolved": "1.4.2",
        "contentHash": "M38RMdJMwI5YaXN2YwUhJYeFe1cCXb8Z6hbU2pkVaX8S9YMjT4mfXUEu/uU/hXmMlgCatKqqoMoU5PVeO8l6Fg==",
        "dependencies": {
          "FSharp.Core": "5.0.0",
          "Fable.Browser.Dom": "2.5.0",
          "Fable.Core": "3.6.0",
          "Fable.Promise": "3.1.0"
        }
      },
      "Fable.Package.SDK": {
        "type": "Direct",
        "requested": "[1.1.0, )",
        "resolved": "1.1.0",
        "contentHash": "YEMSyiB/HCpBgDSZUr0LHaTa9vYH+xj8Fvd/AvzUAVbLQ3Bc2l9xHOI9g4+Bh1wGsLFrhMwFW+U39D7m5a6oOw=="
      },
      "FSharp.Core": {
        "type": "Direct",
        "requested": "[5.0.2, )",
        "resolved": "5.0.2",
        "contentHash": "DpcajqENgb3VXaHw1FKfVS+TWwEzck1PCajqLwBAVrtd1lfxd7T8JISVZBdV1mX9+2g48+tIgpNaVJWObdMrBw=="
      },
      "Fable.Browser.Blob": {
        "type": "Transitive",
        "resolved": "1.1.4",
        "contentHash": "+6aq2ClPFbh/wFEtKuuIPwoZwi2GlUJ6RRykT0R+i95ZmK22nfE6iWpP+jfKxDnGgrm2AGC+btobAHWXbkC1Sw==",
        "dependencies": {
          "FSharp.Core": "4.7.2",
          "Fable.Core": "3.0.0"
        }
      },
      "Fable.Browser.Event": {
        "type": "Transitive",
        "resolved": "1.4.5",
        "contentHash": "fycXHtezvPWjR9VANh+SflwkFhJcvnFi7LDpog7HRJXIGBal3QWaFAZ2tYOvAZncDetWpjxnuIVN89mhktqpoA==",
        "dependencies": {
          "FSharp.Core": "4.7.2",
          "Fable.Browser.Gamepad": "1.0.3",
          "Fable.Core": "3.0.0"
        }
      },
      "Fable.Browser.Gamepad": {
        "type": "Transitive",
        "resolved": "1.0.3",
        "contentHash": "3mIdAR8uy7eQoL+Nyp72OVWnIbTegoFD6yCvnqaHeWE2MZ3+Lc9EPMKDiHjX3VbImd1uQI57zg+hQJ6MTekgEA==",
        "dependencies": {
          "FSharp.Core": "4.7.2",
          "Fable.Core": "3.0.0"
        }
      },
      "Fable.Browser.WebStorage": {
        "type": "Transitive",
        "resolved": "1.0.4",
        "contentHash": "kxKI1nM4TWIRjp4X0QfdbgdU3p1ite5E/to3/RqotnV5BTmS9Wl+yX38L0S4CTbnU+I6v8aPLYlZ/BKmtxggXQ==",
        "dependencies": {
          "FSharp.Core": "4.7.2",
          "Fable.Browser.Event": "1.4.4",
          "Fable.Core": "3.0.0"
        }
      },
      "fable.form": {
        "type": "Project",
        "dependencies": {
          "FSharp.Core": "[5.0.2, )"
        }
      },
      "fable.form.simple": {
        "type": "Project",
        "dependencies": {
          "FSharp.Core": "[5.0.2, )",
          "Fable.Form": "[1.0.0, )"
        }
      },
      "Fable.Browser.Dom": {
        "type": "CentralTransitive",
        "requested": "[2.17.0, )",
        "resolved": "2.5.0",
        "contentHash": "/utp8tzto1HJF4k+SVFF1evnY6K3ZLQTNtdjeLGtr6YyQO+Fjo8SbRpWcOJ3SbSUM14Z88v7CNcw+dY5fydWrQ==",
        "dependencies": {
          "FSharp.Core": "4.7.2",
          "Fable.Browser.Blob": "1.1.4",
          "Fable.Browser.Event": "1.4.5",
          "Fable.Browser.WebStorage": "1.0.4",
          "Fable.Core": "3.0.0"
        }
      },
      "Fable.Core": {
        "type": "CentralTransitive",
        "requested": "[4.3.0, )",
        "resolved": "3.6.0",
        "contentHash": "iYRwPxoUHNZgefVnL36nEmVWzNstK/Hpzam3PpwRJevP35AsXQD4DYGtZAk9Hab61MpCdvt0iI+ImAskWPl6nQ=="
      },
      "Fable.Promise": {
        "type": "CentralTransitive",
        "requested": "[3.2.0, )",
        "resolved": "3.1.0",
        "contentHash": "UocWAMiszZI0eqQEcWMYtAnb5czBWzI7Dd/hQtMOO9IT5ZzFMm3v2c3nv36508PU1Ou3EGsyA0kj+G+iz6RJEg==",
        "dependencies": {
          "FSharp.Core": "4.7.2",
          "Fable.Core": "3.1.5"
        }
      }
    }
  }
}