
Microsoft Visual Studio Solution File, Format Version 12.00
# Visual Studio 15
VisualStudioVersion = 15.0.26124.0
MinimumVisualStudioVersion = 15.0.26124.0
Project("{2150E333-8FDC-42A3-9474-1A3956D46DE8}") = ".paket", ".paket", "{B542B4EC-AA41-4BE8-907A-AB83AA76A75E}"
	ProjectSection(SolutionItems) = preProject
		paket.dependencies = paket.dependencies
	EndProjectSection
EndProject
Project("{F2A71F9B-5D33-465A-A702-920D77279786}") = "Tests", "tests\Tests.fsproj", "{EFC9DEEE-165D-4C4F-8465-DD42AA1B1DF1}"
EndProject
Project("{2150E333-8FDC-42A3-9474-1A3956D46DE8}") = "packages", "packages", "{6F603F5E-09A3-4027-AA00-644CBCDA876D}"
EndProject
Project("{F2A71F9B-5D33-465A-A702-920D77279786}") = "Fable.Form", "packages\Fable.Form\Fable.Form.fsproj", "{C33B6B2C-DC08-4E64-A2DD-730083F80416}"
EndProject
Project("{F2A71F9B-5D33-465A-A702-920D77279786}") = "Fable.Form.Simple", "packages\Fable.Form.Simple\Fable.Form.Simple.fsproj", "{01E923FB-FDAD-4D63-81E1-AA6E808BAE4E}"
EndProject
Project("{F2A71F9B-5D33-465A-A702-920D77279786}") = "Fable.Form.Simple.Bulma", "packages\Fable.Form.Simple.Bulma\Fable.Form.Simple.Bulma.fsproj", "{70F625ED-572C-4340-9893-FA0F965026AA}"
EndProject
Project("{F2A71F9B-5D33-465A-A702-920D77279786}") = "EasyBuild", "build\EasyBuild.fsproj", "{59A9132A-CA53-4336-A93D-8832E0375871}"
EndProject
Project("{2150E333-8FDC-42A3-9474-1A3956D46DE8}") = "examples", "examples", "{176436F9-2CC0-471C-B0F1-C82A08FB624A}"
EndProject
Project("{F2A71F9B-5D33-465A-A702-920D77279786}") = "Examples.React", "examples\react\Examples.React.fsproj", "{5F461D70-5F0C-4F85-8B49-C7B7E23A18DD}"
EndProject
Project("{F2A71F9B-5D33-465A-A702-920D77279786}") = "Fable.Form.Simple.Sutil.Bulma", "packages\Fable.Form.Simple.Sutil.Bulma\Fable.Form.Simple.Sutil.Bulma.fsproj", "{B6F6DF51-486E-446A-9EF7-69CCBD2C4BE1}"
EndProject
Project("{F2A71F9B-5D33-465A-A702-920D77279786}") = "Examples.Sutil", "examples\sutil\Examples.Sutil.fsproj", "{7D36CC83-A5DC-40B8-873E-73BBAA36EE9C}"
EndProject
Project("{F2A71F9B-5D33-465A-A702-920D77279786}") = "Fable.Form.Simple.Lit.Bulma", "packages\Fable.Form.Simple.Lit.Bulma\Fable.Form.Simple.Lit.Bulma.fsproj", "{17799657-820F-46D8-8048-4E71EA23A926}"
EndProject
Project("{F2A71F9B-5D33-465A-A702-920D77279786}") = "Examples.Lit", "examples\lit\Examples.Lit.fsproj", "{4D666B47-FAA4-4295-9A9F-52E4B600D853}"
EndProject
Global
	GlobalSection(SolutionConfigurationPlatforms) = preSolution
		Debug|Any CPU = Debug|Any CPU
		Debug|x64 = Debug|x64
		Debug|x86 = Debug|x86
		Release|Any CPU = Release|Any CPU
		Release|x64 = Release|x64
		Release|x86 = Release|x86
	EndGlobalSection
	GlobalSection(SolutionProperties) = preSolution
		HideSolutionNode = FALSE
	EndGlobalSection
	GlobalSection(ProjectConfigurationPlatforms) = postSolution
		{EFC9DEEE-165D-4C4F-8465-DD42AA1B1DF1}.Debug|Any CPU.ActiveCfg = Debug|Any CPU
		{EFC9DEEE-165D-4C4F-8465-DD42AA1B1DF1}.Debug|Any CPU.Build.0 = Debug|Any CPU
		{EFC9DEEE-165D-4C4F-8465-DD42AA1B1DF1}.Debug|x64.ActiveCfg = Debug|Any CPU
		{EFC9DEEE-165D-4C4F-8465-DD42AA1B1DF1}.Debug|x64.Build.0 = Debug|Any CPU
		{EFC9DEEE-165D-4C4F-8465-DD42AA1B1DF1}.Debug|x86.ActiveCfg = Debug|Any CPU
		{EFC9DEEE-165D-4C4F-8465-DD42AA1B1DF1}.Debug|x86.Build.0 = Debug|Any CPU
		{EFC9DEEE-165D-4C4F-8465-DD42AA1B1DF1}.Release|Any CPU.ActiveCfg = Release|Any CPU
		{EFC9DEEE-165D-4C4F-8465-DD42AA1B1DF1}.Release|Any CPU.Build.0 = Release|Any CPU
		{EFC9DEEE-165D-4C4F-8465-DD42AA1B1DF1}.Release|x64.ActiveCfg = Release|Any CPU
		{EFC9DEEE-165D-4C4F-8465-DD42AA1B1DF1}.Release|x64.Build.0 = Release|Any CPU
		{EFC9DEEE-165D-4C4F-8465-DD42AA1B1DF1}.Release|x86.ActiveCfg = Release|Any CPU
		{EFC9DEEE-165D-4C4F-8465-DD42AA1B1DF1}.Release|x86.Build.0 = Release|Any CPU
		{C33B6B2C-DC08-4E64-A2DD-730083F80416}.Debug|Any CPU.ActiveCfg = Debug|Any CPU
		{C33B6B2C-DC08-4E64-A2DD-730083F80416}.Debug|Any CPU.Build.0 = Debug|Any CPU
		{C33B6B2C-DC08-4E64-A2DD-730083F80416}.Debug|x64.ActiveCfg = Debug|Any CPU
		{C33B6B2C-DC08-4E64-A2DD-730083F80416}.Debug|x64.Build.0 = Debug|Any CPU
		{C33B6B2C-DC08-4E64-A2DD-730083F80416}.Debug|x86.ActiveCfg = Debug|Any CPU
		{C33B6B2C-DC08-4E64-A2DD-730083F80416}.Debug|x86.Build.0 = Debug|Any CPU
		{C33B6B2C-DC08-4E64-A2DD-730083F80416}.Release|Any CPU.ActiveCfg = Release|Any CPU
		{C33B6B2C-DC08-4E64-A2DD-730083F80416}.Release|Any CPU.Build.0 = Release|Any CPU
		{C33B6B2C-DC08-4E64-A2DD-730083F80416}.Release|x64.ActiveCfg = Release|Any CPU
		{C33B6B2C-DC08-4E64-A2DD-730083F80416}.Release|x64.Build.0 = Release|Any CPU
		{C33B6B2C-DC08-4E64-A2DD-730083F80416}.Release|x86.ActiveCfg = Release|Any CPU
		{C33B6B2C-DC08-4E64-A2DD-730083F80416}.Release|x86.Build.0 = Release|Any CPU
		{01E923FB-FDAD-4D63-81E1-AA6E808BAE4E}.Debug|Any CPU.ActiveCfg = Debug|Any CPU
		{01E923FB-FDAD-4D63-81E1-AA6E808BAE4E}.Debug|Any CPU.Build.0 = Debug|Any CPU
		{01E923FB-FDAD-4D63-81E1-AA6E808BAE4E}.Debug|x64.ActiveCfg = Debug|Any CPU
		{01E923FB-FDAD-4D63-81E1-AA6E808BAE4E}.Debug|x64.Build.0 = Debug|Any CPU
		{01E923FB-FDAD-4D63-81E1-AA6E808BAE4E}.Debug|x86.ActiveCfg = Debug|Any CPU
		{01E923FB-FDAD-4D63-81E1-AA6E808BAE4E}.Debug|x86.Build.0 = Debug|Any CPU
		{01E923FB-FDAD-4D63-81E1-AA6E808BAE4E}.Release|Any CPU.ActiveCfg = Release|Any CPU
		{01E923FB-FDAD-4D63-81E1-AA6E808BAE4E}.Release|Any CPU.Build.0 = Release|Any CPU
		{01E923FB-FDAD-4D63-81E1-AA6E808BAE4E}.Release|x64.ActiveCfg = Release|Any CPU
		{01E923FB-FDAD-4D63-81E1-AA6E808BAE4E}.Release|x64.Build.0 = Release|Any CPU
		{01E923FB-FDAD-4D63-81E1-AA6E808BAE4E}.Release|x86.ActiveCfg = Release|Any CPU
		{01E923FB-FDAD-4D63-81E1-AA6E808BAE4E}.Release|x86.Build.0 = Release|Any CPU
		{70F625ED-572C-4340-9893-FA0F965026AA}.Debug|Any CPU.ActiveCfg = Debug|Any CPU
		{70F625ED-572C-4340-9893-FA0F965026AA}.Debug|Any CPU.Build.0 = Debug|Any CPU
		{70F625ED-572C-4340-9893-FA0F965026AA}.Debug|x64.ActiveCfg = Debug|Any CPU
		{70F625ED-572C-4340-9893-FA0F965026AA}.Debug|x64.Build.0 = Debug|Any CPU
		{70F625ED-572C-4340-9893-FA0F965026AA}.Debug|x86.ActiveCfg = Debug|Any CPU
		{70F625ED-572C-4340-9893-FA0F965026AA}.Debug|x86.Build.0 = Debug|Any CPU
		{70F625ED-572C-4340-9893-FA0F965026AA}.Release|Any CPU.ActiveCfg = Release|Any CPU
		{70F625ED-572C-4340-9893-FA0F965026AA}.Release|Any CPU.Build.0 = Release|Any CPU
		{70F625ED-572C-4340-9893-FA0F965026AA}.Release|x64.ActiveCfg = Release|Any CPU
		{70F625ED-572C-4340-9893-FA0F965026AA}.Release|x64.Build.0 = Release|Any CPU
		{70F625ED-572C-4340-9893-FA0F965026AA}.Release|x86.ActiveCfg = Release|Any CPU
		{70F625ED-572C-4340-9893-FA0F965026AA}.Release|x86.Build.0 = Release|Any CPU
		{59A9132A-CA53-4336-A93D-8832E0375871}.Debug|Any CPU.ActiveCfg = Debug|Any CPU
		{59A9132A-CA53-4336-A93D-8832E0375871}.Debug|Any CPU.Build.0 = Debug|Any CPU
		{59A9132A-CA53-4336-A93D-8832E0375871}.Debug|x64.ActiveCfg = Debug|Any CPU
		{59A9132A-CA53-4336-A93D-8832E0375871}.Debug|x64.Build.0 = Debug|Any CPU
		{59A9132A-CA53-4336-A93D-8832E0375871}.Debug|x86.ActiveCfg = Debug|Any CPU
		{59A9132A-CA53-4336-A93D-8832E0375871}.Debug|x86.Build.0 = Debug|Any CPU
		{59A9132A-CA53-4336-A93D-8832E0375871}.Release|Any CPU.ActiveCfg = Release|Any CPU
		{59A9132A-CA53-4336-A93D-8832E0375871}.Release|Any CPU.Build.0 = Release|Any CPU
		{59A9132A-CA53-4336-A93D-8832E0375871}.Release|x64.ActiveCfg = Release|Any CPU
		{59A9132A-CA53-4336-A93D-8832E0375871}.Release|x64.Build.0 = Release|Any CPU
		{59A9132A-CA53-4336-A93D-8832E0375871}.Release|x86.ActiveCfg = Release|Any CPU
		{59A9132A-CA53-4336-A93D-8832E0375871}.Release|x86.Build.0 = Release|Any CPU
		{5F461D70-5F0C-4F85-8B49-C7B7E23A18DD}.Debug|Any CPU.ActiveCfg = Debug|Any CPU
		{5F461D70-5F0C-4F85-8B49-C7B7E23A18DD}.Debug|Any CPU.Build.0 = Debug|Any CPU
		{5F461D70-5F0C-4F85-8B49-C7B7E23A18DD}.Debug|x64.ActiveCfg = Debug|Any CPU
		{5F461D70-5F0C-4F85-8B49-C7B7E23A18DD}.Debug|x64.Build.0 = Debug|Any CPU
		{5F461D70-5F0C-4F85-8B49-C7B7E23A18DD}.Debug|x86.ActiveCfg = Debug|Any CPU
		{5F461D70-5F0C-4F85-8B49-C7B7E23A18DD}.Debug|x86.Build.0 = Debug|Any CPU
		{5F461D70-5F0C-4F85-8B49-C7B7E23A18DD}.Release|Any CPU.ActiveCfg = Release|Any CPU
		{5F461D70-5F0C-4F85-8B49-C7B7E23A18DD}.Release|Any CPU.Build.0 = Release|Any CPU
		{5F461D70-5F0C-4F85-8B49-C7B7E23A18DD}.Release|x64.ActiveCfg = Release|Any CPU
		{5F461D70-5F0C-4F85-8B49-C7B7E23A18DD}.Release|x64.Build.0 = Release|Any CPU
		{5F461D70-5F0C-4F85-8B49-C7B7E23A18DD}.Release|x86.ActiveCfg = Release|Any CPU
		{5F461D70-5F0C-4F85-8B49-C7B7E23A18DD}.Release|x86.Build.0 = Release|Any CPU
		{B6F6DF51-486E-446A-9EF7-69CCBD2C4BE1}.Debug|Any CPU.ActiveCfg = Debug|Any CPU
		{B6F6DF51-486E-446A-9EF7-69CCBD2C4BE1}.Debug|Any CPU.Build.0 = Debug|Any CPU
		{B6F6DF51-486E-446A-9EF7-69CCBD2C4BE1}.Debug|x64.ActiveCfg = Debug|Any CPU
		{B6F6DF51-486E-446A-9EF7-69CCBD2C4BE1}.Debug|x64.Build.0 = Debug|Any CPU
		{B6F6DF51-486E-446A-9EF7-69CCBD2C4BE1}.Debug|x86.ActiveCfg = Debug|Any CPU
		{B6F6DF51-486E-446A-9EF7-69CCBD2C4BE1}.Debug|x86.Build.0 = Debug|Any CPU
		{B6F6DF51-486E-446A-9EF7-69CCBD2C4BE1}.Release|Any CPU.ActiveCfg = Release|Any CPU
		{B6F6DF51-486E-446A-9EF7-69CCBD2C4BE1}.Release|Any CPU.Build.0 = Release|Any CPU
		{B6F6DF51-486E-446A-9EF7-69CCBD2C4BE1}.Release|x64.ActiveCfg = Release|Any CPU
		{B6F6DF51-486E-446A-9EF7-69CCBD2C4BE1}.Release|x64.Build.0 = Release|Any CPU
		{B6F6DF51-486E-446A-9EF7-69CCBD2C4BE1}.Release|x86.ActiveCfg = Release|Any CPU
		{B6F6DF51-486E-446A-9EF7-69CCBD2C4BE1}.Release|x86.Build.0 = Release|Any CPU
		{7D36CC83-A5DC-40B8-873E-73BBAA36EE9C}.Debug|Any CPU.ActiveCfg = Debug|Any CPU
		{7D36CC83-A5DC-40B8-873E-73BBAA36EE9C}.Debug|Any CPU.Build.0 = Debug|Any CPU
		{7D36CC83-A5DC-40B8-873E-73BBAA36EE9C}.Debug|x64.ActiveCfg = Debug|Any CPU
		{7D36CC83-A5DC-40B8-873E-73BBAA36EE9C}.Debug|x64.Build.0 = Debug|Any CPU
		{7D36CC83-A5DC-40B8-873E-73BBAA36EE9C}.Debug|x86.ActiveCfg = Debug|Any CPU
		{7D36CC83-A5DC-40B8-873E-73BBAA36EE9C}.Debug|x86.Build.0 = Debug|Any CPU
		{7D36CC83-A5DC-40B8-873E-73BBAA36EE9C}.Release|Any CPU.ActiveCfg = Release|Any CPU
		{7D36CC83-A5DC-40B8-873E-73BBAA36EE9C}.Release|Any CPU.Build.0 = Release|Any CPU
		{7D36CC83-A5DC-40B8-873E-73BBAA36EE9C}.Release|x64.ActiveCfg = Release|Any CPU
		{7D36CC83-A5DC-40B8-873E-73BBAA36EE9C}.Release|x64.Build.0 = Release|Any CPU
		{7D36CC83-A5DC-40B8-873E-73BBAA36EE9C}.Release|x86.ActiveCfg = Release|Any CPU
		{7D36CC83-A5DC-40B8-873E-73BBAA36EE9C}.Release|x86.Build.0 = Release|Any CPU
		{17799657-820F-46D8-8048-4E71EA23A926}.Debug|Any CPU.ActiveCfg = Debug|Any CPU
		{17799657-820F-46D8-8048-4E71EA23A926}.Debug|Any CPU.Build.0 = Debug|Any CPU
		{17799657-820F-46D8-8048-4E71EA23A926}.Debug|x64.ActiveCfg = Debug|Any CPU
		{17799657-820F-46D8-8048-4E71EA23A926}.Debug|x64.Build.0 = Debug|Any CPU
		{17799657-820F-46D8-8048-4E71EA23A926}.Debug|x86.ActiveCfg = Debug|Any CPU
		{17799657-820F-46D8-8048-4E71EA23A926}.Debug|x86.Build.0 = Debug|Any CPU
		{17799657-820F-46D8-8048-4E71EA23A926}.Release|Any CPU.ActiveCfg = Release|Any CPU
		{17799657-820F-46D8-8048-4E71EA23A926}.Release|Any CPU.Build.0 = Release|Any CPU
		{17799657-820F-46D8-8048-4E71EA23A926}.Release|x64.ActiveCfg = Release|Any CPU
		{17799657-820F-46D8-8048-4E71EA23A926}.Release|x64.Build.0 = Release|Any CPU
		{17799657-820F-46D8-8048-4E71EA23A926}.Release|x86.ActiveCfg = Release|Any CPU
		{17799657-820F-46D8-8048-4E71EA23A926}.Release|x86.Build.0 = Release|Any CPU
		{4D666B47-FAA4-4295-9A9F-52E4B600D853}.Debug|Any CPU.ActiveCfg = Debug|Any CPU
		{4D666B47-FAA4-4295-9A9F-52E4B600D853}.Debug|Any CPU.Build.0 = Debug|Any CPU
		{4D666B47-FAA4-4295-9A9F-52E4B600D853}.Debug|x64.ActiveCfg = Debug|Any CPU
		{4D666B47-FAA4-4295-9A9F-52E4B600D853}.Debug|x64.Build.0 = Debug|Any CPU
		{4D666B47-FAA4-4295-9A9F-52E4B600D853}.Debug|x86.ActiveCfg = Debug|Any CPU
		{4D666B47-FAA4-4295-9A9F-52E4B600D853}.Debug|x86.Build.0 = Debug|Any CPU
		{4D666B47-FAA4-4295-9A9F-52E4B600D853}.Release|Any CPU.ActiveCfg = Release|Any CPU
		{4D666B47-FAA4-4295-9A9F-52E4B600D853}.Release|Any CPU.Build.0 = Release|Any CPU
		{4D666B47-FAA4-4295-9A9F-52E4B600D853}.Release|x64.ActiveCfg = Release|Any CPU
		{4D666B47-FAA4-4295-9A9F-52E4B600D853}.Release|x64.Build.0 = Release|Any CPU
		{4D666B47-FAA4-4295-9A9F-52E4B600D853}.Release|x86.ActiveCfg = Release|Any CPU
		{4D666B47-FAA4-4295-9A9F-52E4B600D853}.Release|x86.Build.0 = Release|Any CPU
	EndGlobalSection
	GlobalSection(NestedProjects) = preSolution
		{C33B6B2C-DC08-4E64-A2DD-730083F80416} = {6F603F5E-09A3-4027-AA00-644CBCDA876D}
		{01E923FB-FDAD-4D63-81E1-AA6E808BAE4E} = {6F603F5E-09A3-4027-AA00-644CBCDA876D}
		{70F625ED-572C-4340-9893-FA0F965026AA} = {6F603F5E-09A3-4027-AA00-644CBCDA876D}
		{5F461D70-5F0C-4F85-8B49-C7B7E23A18DD} = {176436F9-2CC0-471C-B0F1-C82A08FB624A}
		{B6F6DF51-486E-446A-9EF7-69CCBD2C4BE1} = {6F603F5E-09A3-4027-AA00-644CBCDA876D}
		{7D36CC83-A5DC-40B8-873E-73BBAA36EE9C} = {176436F9-2CC0-471C-B0F1-C82A08FB624A}
		{17799657-820F-46D8-8048-4E71EA23A926} = {6F603F5E-09A3-4027-AA00-644CBCDA876D}
		{4D666B47-FAA4-4295-9A9F-52E4B600D853} = {176436F9-2CC0-471C-B0F1-C82A08FB624A}
	EndGlobalSection
EndGlobal
