
Microsoft Visual Studio Solution File, Format Version 12.00
# Visual Studio 15
VisualStudioVersion = 15.0.26124.0
MinimumVisualStudioVersion = 15.0.26124.0
Project("{F2A71F9B-5D33-465A-A702-920D77279786}") = "Tests", "tests\Tests.fsproj", "{EFC9DEEE-165D-4C4F-8465-DD42AA1B1DF1}"
EndProject
Project("{F2A71F9B-5D33-465A-A702-920D77279786}") = "Examples", "examples\Examples.fsproj", "{08D179B4-D52C-407C-8078-3C5F621223B7}"
EndProject
Project("{2150E333-8FDC-42A3-9474-1A3956D46DE8}") = "packages", "packages", "{55BB98A2-BAB0-43A5-A4A4-22BE6B1FCD10}"
EndProject
Project("{F2A71F9B-5D33-465A-A702-920D77279786}") = "Warded", "packages\Warded\Warded.fsproj", "{0E0D9A2D-F8AA-45A6-8951-867ECF1C2E92}"
EndProject
Project("{F2A71F9B-5D33-465A-A702-920D77279786}") = "Warded.Simple", "packages\Warded.Simple\Warded.Simple.fsproj", "{D9D10EEF-D7B7-4328-ADF0-0CF85A63DE17}"
EndProject
Global
	GlobalSection(SolutionConfigurationPlatforms) = preSolution
		Debug|Any CPU = Debug|Any CPU
		Debug|x64 = Debug|x64
		Debug|x86 = Debug|x86
		Release|Any CPU = Release|Any CPU
		Release|x64 = Release|x64
		Release|x86 = Release|x86
	EndGlobalSection
	GlobalSection(SolutionProperties) = preSolution
		HideSolutionNode = FALSE
	EndGlobalSection
	GlobalSection(ProjectConfigurationPlatforms) = postSolution
		{EFC9DEEE-165D-4C4F-8465-DD42AA1B1DF1}.Debug|Any CPU.ActiveCfg = Debug|Any CPU
		{EFC9DEEE-165D-4C4F-8465-DD42AA1B1DF1}.Debug|Any CPU.Build.0 = Debug|Any CPU
		{EFC9DEEE-165D-4C4F-8465-DD42AA1B1DF1}.Debug|x64.ActiveCfg = Debug|Any CPU
		{EFC9DEEE-165D-4C4F-8465-DD42AA1B1DF1}.Debug|x64.Build.0 = Debug|Any CPU
		{EFC9DEEE-165D-4C4F-8465-DD42AA1B1DF1}.Debug|x86.ActiveCfg = Debug|Any CPU
		{EFC9DEEE-165D-4C4F-8465-DD42AA1B1DF1}.Debug|x86.Build.0 = Debug|Any CPU
		{EFC9DEEE-165D-4C4F-8465-DD42AA1B1DF1}.Release|Any CPU.ActiveCfg = Release|Any CPU
		{EFC9DEEE-165D-4C4F-8465-DD42AA1B1DF1}.Release|Any CPU.Build.0 = Release|Any CPU
		{EFC9DEEE-165D-4C4F-8465-DD42AA1B1DF1}.Release|x64.ActiveCfg = Release|Any CPU
		{EFC9DEEE-165D-4C4F-8465-DD42AA1B1DF1}.Release|x64.Build.0 = Release|Any CPU
		{EFC9DEEE-165D-4C4F-8465-DD42AA1B1DF1}.Release|x86.ActiveCfg = Release|Any CPU
		{EFC9DEEE-165D-4C4F-8465-DD42AA1B1DF1}.Release|x86.Build.0 = Release|Any CPU
		{08D179B4-D52C-407C-8078-3C5F621223B7}.Debug|Any CPU.ActiveCfg = Debug|Any CPU
		{08D179B4-D52C-407C-8078-3C5F621223B7}.Debug|Any CPU.Build.0 = Debug|Any CPU
		{08D179B4-D52C-407C-8078-3C5F621223B7}.Debug|x64.ActiveCfg = Debug|Any CPU
		{08D179B4-D52C-407C-8078-3C5F621223B7}.Debug|x64.Build.0 = Debug|Any CPU
		{08D179B4-D52C-407C-8078-3C5F621223B7}.Debug|x86.ActiveCfg = Debug|Any CPU
		{08D179B4-D52C-407C-8078-3C5F621223B7}.Debug|x86.Build.0 = Debug|Any CPU
		{08D179B4-D52C-407C-8078-3C5F621223B7}.Release|Any CPU.ActiveCfg = Release|Any CPU
		{08D179B4-D52C-407C-8078-3C5F621223B7}.Release|Any CPU.Build.0 = Release|Any CPU
		{08D179B4-D52C-407C-8078-3C5F621223B7}.Release|x64.ActiveCfg = Release|Any CPU
		{08D179B4-D52C-407C-8078-3C5F621223B7}.Release|x64.Build.0 = Release|Any CPU
		{08D179B4-D52C-407C-8078-3C5F621223B7}.Release|x86.ActiveCfg = Release|Any CPU
		{08D179B4-D52C-407C-8078-3C5F621223B7}.Release|x86.Build.0 = Release|Any CPU
		{0E0D9A2D-F8AA-45A6-8951-867ECF1C2E92}.Debug|Any CPU.ActiveCfg = Debug|Any CPU
		{0E0D9A2D-F8AA-45A6-8951-867ECF1C2E92}.Debug|Any CPU.Build.0 = Debug|Any CPU
		{0E0D9A2D-F8AA-45A6-8951-867ECF1C2E92}.Debug|x64.ActiveCfg = Debug|Any CPU
		{0E0D9A2D-F8AA-45A6-8951-867ECF1C2E92}.Debug|x64.Build.0 = Debug|Any CPU
		{0E0D9A2D-F8AA-45A6-8951-867ECF1C2E92}.Debug|x86.ActiveCfg = Debug|Any CPU
		{0E0D9A2D-F8AA-45A6-8951-867ECF1C2E92}.Debug|x86.Build.0 = Debug|Any CPU
		{0E0D9A2D-F8AA-45A6-8951-867ECF1C2E92}.Release|Any CPU.ActiveCfg = Release|Any CPU
		{0E0D9A2D-F8AA-45A6-8951-867ECF1C2E92}.Release|Any CPU.Build.0 = Release|Any CPU
		{0E0D9A2D-F8AA-45A6-8951-867ECF1C2E92}.Release|x64.ActiveCfg = Release|Any CPU
		{0E0D9A2D-F8AA-45A6-8951-867ECF1C2E92}.Release|x64.Build.0 = Release|Any CPU
		{0E0D9A2D-F8AA-45A6-8951-867ECF1C2E92}.Release|x86.ActiveCfg = Release|Any CPU
		{0E0D9A2D-F8AA-45A6-8951-867ECF1C2E92}.Release|x86.Build.0 = Release|Any CPU
		{D9D10EEF-D7B7-4328-ADF0-0CF85A63DE17}.Debug|Any CPU.ActiveCfg = Debug|Any CPU
		{D9D10EEF-D7B7-4328-ADF0-0CF85A63DE17}.Debug|Any CPU.Build.0 = Debug|Any CPU
		{D9D10EEF-D7B7-4328-ADF0-0CF85A63DE17}.Debug|x64.ActiveCfg = Debug|Any CPU
		{D9D10EEF-D7B7-4328-ADF0-0CF85A63DE17}.Debug|x64.Build.0 = Debug|Any CPU
		{D9D10EEF-D7B7-4328-ADF0-0CF85A63DE17}.Debug|x86.ActiveCfg = Debug|Any CPU
		{D9D10EEF-D7B7-4328-ADF0-0CF85A63DE17}.Debug|x86.Build.0 = Debug|Any CPU
		{D9D10EEF-D7B7-4328-ADF0-0CF85A63DE17}.Release|Any CPU.ActiveCfg = Release|Any CPU
		{D9D10EEF-D7B7-4328-ADF0-0CF85A63DE17}.Release|Any CPU.Build.0 = Release|Any CPU
		{D9D10EEF-D7B7-4328-ADF0-0CF85A63DE17}.Release|x64.ActiveCfg = Release|Any CPU
		{D9D10EEF-D7B7-4328-ADF0-0CF85A63DE17}.Release|x64.Build.0 = Release|Any CPU
		{D9D10EEF-D7B7-4328-ADF0-0CF85A63DE17}.Release|x86.ActiveCfg = Release|Any CPU
		{D9D10EEF-D7B7-4328-ADF0-0CF85A63DE17}.Release|x86.Build.0 = Release|Any CPU
	EndGlobalSection
	GlobalSection(NestedProjects) = preSolution
		{0E0D9A2D-F8AA-45A6-8951-867ECF1C2E92} = {55BB98A2-BAB0-43A5-A4A4-22BE6B1FCD10}
		{D9D10EEF-D7B7-4328-ADF0-0CF85A63DE17} = {55BB98A2-BAB0-43A5-A4A4-22BE6B1FCD10}
	EndGlobalSection
EndGlobal
