{
  "version": 1,
  "dependencies": {
    ".NETStandard,Version=v2.0": {
      "Fable.Core": {
        "type": "Direct",
        "requested": "[3.2.5, )",
        "resolved": "3.2.5",
        "contentHash": "HgMU0gtBbgnvBn1FzmCR3S+N82EDE2C/rUYkym4vQz1YkbFTa9cBXpNR3oVKxLA/ysr+rvn0rXhMednQsDqZ1g==",
        "dependencies": {
          "FSharp.Core": "4.7.2"
        }
      },
      "Fable.React": {
        "type": "Direct",
        "requested": "[7.3.0, )",
        "resolved": "7.3.0",
        "contentHash": "9ygRzToUxnk84rXmc4b7eQat+SQlVCfGgmZxlDZrzQ5wHTZrEAujVMEt/fuizadbilJOYB7k+Uulj8tM4Ixx2g==",
        "dependencies": {
          "FSharp.Core": "5.0.0",
          "Fable.Browser.Dom": "2.0.1",
          "Fable.Core": "3.1.5"
        }
      },
      "FSharp.Core": {
        "type": "Direct",
        "requested": "[5.0.0, )",
        "resolved": "5.0.0",
        "contentHash": "iHoYXA0VaSQUONGENB1aVafjDDZDZpwu39MtaRCTrmwFW/cTcK0b2yKNVYneFHJMc3ChtsSoM9lNtJ1dYXkHfA=="
      },
      "NETStandard.Library": {
        "type": "Direct",
        "requested": "[2.0.3, )",
        "resolved": "2.0.3",
        "contentHash": "st47PosZSHrjECdjeIzZQbzivYBJFv6P2nv4cj2ypdI204DO+vZ7l5raGMiX4eXMJ53RfOIg+/s4DHVZ54Nu2A==",
        "dependencies": {
          "Microsoft.NETCore.Platforms": "1.1.0"
        }
      },
      "Fable.AST": {
        "type": "Transitive",
        "resolved": "3.0.0",
        "contentHash": "ZOdBEEBln959E+F7vGim1zvf80iJAFWtH/hAcQRAU9aCs/8ZGf/kWk7TdlW0xuRK50dvALgWZKJc0Hd/2OP0XA=="
      },
      "Fable.Browser.Blob": {
        "type": "Transitive",
        "resolved": "1.1.0",
        "contentHash": "xMX7hPFwBUGuj75xLlH6VsVThZjRlGW4zOqXb1X+byRPLSBE91vtn9EueNUB+YpGhE9LfrtakIPNGy+dkoMkjg==",
        "dependencies": {
          "FSharp.Core": "4.6.2",
          "Fable.Core": "3.0.0"
        }
      },
      "Fable.Browser.Dom": {
        "type": "Transitive",
        "resolved": "2.0.1",
        "contentHash": "1ajwxasfdbeFeh8OsgiuAScMZuWQkZpWHwZRi0J265nD0YMo4hqItX9/fmCwLnwln1OWbpbgpnZCDfwnhcR75A==",
        "dependencies": {
          "FSharp.Core": "4.7.0",
          "Fable.Browser.Blob": "1.1.0",
          "Fable.Browser.Event": "1.2.1",
          "Fable.Browser.WebStorage": "1.0.0",
          "Fable.Core": "3.0.0"
        }
      },
      "Fable.Browser.Event": {
        "type": "Transitive",
        "resolved": "1.2.1",
        "contentHash": "cK8rajjSCe1b3iFzC5sN4v8hTqUq9CpferJsYQOec0BCh9rKqPKk1xT34j/Afs0/+LJLgcmZjzqtgcyk5yhvzw==",
        "dependencies": {
          "FSharp.Core": "4.7.0",
          "Fable.Core": "3.0.0"
        }
      },
      "Fable.Browser.WebStorage": {
        "type": "Transitive",
        "resolved": "1.0.0",
        "contentHash": "ZqnZKYkhPO+wmJPxQqtiwSc3zCC/mB37SPlVi4ZLiHoPFnra7SQ3qaRn4/ENYTeaVtVq92eVaYbTyAOnFn+GPA==",
        "dependencies": {
          "FSharp.Core": "4.5.2",
          "Fable.Browser.Event": "1.0.0",
          "Fable.Core": "3.0.0"
        }
      },
      "Fable.Elmish": {
        "type": "Transitive",
        "resolved": "3.1.0",
        "contentHash": "g6oAwxcKz4mIYvVlaPSrF+YoHrraJf8zpCK7cZpwtAHcbJdZkCmX9jaCYc85PaGOXywbUsulBOH5794HelUqZg==",
        "dependencies": {
          "FSharp.Core": "4.6.2",
          "Fable.Core": "3.0.0"
        }
      },
      "Feliz": {
        "type": "Transitive",
        "resolved": "1.40.0",
        "contentHash": "+dzLbhEfV/9PvA6ziPN9fdXuo3U362t2u8Z9sBkMhipEmxz5BKYDyvgh+Z4gPhImME60otUa3+OznBQFsNv73w==",
        "dependencies": {
          "FSharp.Core": "4.7.2",
          "Fable.Core": "3.1.5",
          "Fable.React": "7.0.1",
          "Feliz.CompilerPlugins": "1.5.0"
        }
      },
      "Feliz.CompilerPlugins": {
        "type": "Transitive",
        "resolved": "1.5.0",
        "contentHash": "zOO/CFX+A24dHnj/XAg81f6O5Ehk9vHk4YSzRZqBejeSJoecQNvcqX/WE7VbpvDenYYAj4ufLI+MecWMipeULg==",
        "dependencies": {
          "FSharp.Core": "4.7.2",
          "Fable.AST": "3.0.0"
        }
      },
      "Microsoft.NETCore.Platforms": {
        "type": "Transitive",
        "resolved": "1.1.0",
        "contentHash": "kz0PEW2lhqygehI/d6XsPCQzD7ff7gUJaVGPVETX611eadGsA3A877GdSlU0LRVMCTH/+P3o2iDTak+S08V2+A=="
      },
      "fable.form": {
        "type": "Project",
        "dependencies": {
          "FSharp.Core": "5.0.0",
          "Fable.Core": "3.2.5"
        }
      },
      "fable.form.simple": {
        "type": "Project",
        "dependencies": {
          "FSharp.Core": "5.0.0",
          "Fable.Core": "3.2.5",
          "Fable.Elmish": "3.1.0",
          "Fable.Form": "0.1.0-alpha-001",
          "Feliz": "1.40.0"
        }
      }
    }
  }
}