
Microsoft Visual Studio Solution File, Format Version 12.00
# Visual Studio Version 17
VisualStudioVersion = 17.0.31903.59
MinimumVisualStudioVersion = 10.0.40219.1
Project("{F2A71F9B-5D33-465A-A702-920D77279786}") = "Examples.React", "React\Examples.React.fsproj", "{39CC0E00-160D-42AA-BE08-9DD12F96C1CD}"
EndProject
Project("{F2A71F9B-5D33-465A-A702-920D77279786}") = "Examples.Shared.React", "Shared\Examples.Shared.React.fsproj", "{B0967757-B07D-4303-993E-6A66C673510E}"
EndProject
Project("{F2A71F9B-5D33-465A-A702-920D77279786}") = "Fable.Form", "..\packages\Fable.Form\Fable.Form.fsproj", "{7023CFB0-8863-4643-9CED-FD026A9793CD}"
EndProject
Project("{F2A71F9B-5D33-465A-A702-920D77279786}") = "Fable.Form.Simple", "..\packages\Fable.Form.Simple\Fable.Form.Simple.fsproj", "{FF577100-ED31-44D4-B931-9FABB2B39ADD}"
EndProject
Project("{F2A71F9B-5D33-465A-A702-920D77279786}") = "Fable.Form.Simple.Bulma", "..\packages\Fable.Form.Simple.Bulma\Fable.Form.Simple.Bulma.fsproj", "{8AEB3188-203F-4FFE-A6DD-0F10F15F6FA8}"
EndProject
Project("{F2A71F9B-5D33-465A-A702-920D77279786}") = "EasyBuild", "..\build\EasyBuild.fsproj", "{341048D4-1540-41E3-984A-0EEBE8BF2732}"
EndProject
Global
	GlobalSection(SolutionConfigurationPlatforms) = preSolution
		Debug|Any CPU = Debug|Any CPU
		Release|Any CPU = Release|Any CPU
	EndGlobalSection
	GlobalSection(SolutionProperties) = preSolution
		HideSolutionNode = FALSE
	EndGlobalSection
	GlobalSection(ProjectConfigurationPlatforms) = postSolution
		{39CC0E00-160D-42AA-BE08-9DD12F96C1CD}.Debug|Any CPU.ActiveCfg = Debug|Any CPU
		{39CC0E00-160D-42AA-BE08-9DD12F96C1CD}.Debug|Any CPU.Build.0 = Debug|Any CPU
		{39CC0E00-160D-42AA-BE08-9DD12F96C1CD}.Release|Any CPU.ActiveCfg = Release|Any CPU
		{39CC0E00-160D-42AA-BE08-9DD12F96C1CD}.Release|Any CPU.Build.0 = Release|Any CPU
		{B0967757-B07D-4303-993E-6A66C673510E}.Debug|Any CPU.ActiveCfg = Debug|Any CPU
		{B0967757-B07D-4303-993E-6A66C673510E}.Debug|Any CPU.Build.0 = Debug|Any CPU
		{B0967757-B07D-4303-993E-6A66C673510E}.Release|Any CPU.ActiveCfg = Release|Any CPU
		{B0967757-B07D-4303-993E-6A66C673510E}.Release|Any CPU.Build.0 = Release|Any CPU
		{7023CFB0-8863-4643-9CED-FD026A9793CD}.Debug|Any CPU.ActiveCfg = Debug|Any CPU
		{7023CFB0-8863-4643-9CED-FD026A9793CD}.Debug|Any CPU.Build.0 = Debug|Any CPU
		{7023CFB0-8863-4643-9CED-FD026A9793CD}.Release|Any CPU.ActiveCfg = Release|Any CPU
		{7023CFB0-8863-4643-9CED-FD026A9793CD}.Release|Any CPU.Build.0 = Release|Any CPU
		{FF577100-ED31-44D4-B931-9FABB2B39ADD}.Debug|Any CPU.ActiveCfg = Debug|Any CPU
		{FF577100-ED31-44D4-B931-9FABB2B39ADD}.Debug|Any CPU.Build.0 = Debug|Any CPU
		{FF577100-ED31-44D4-B931-9FABB2B39ADD}.Release|Any CPU.ActiveCfg = Release|Any CPU
		{FF577100-ED31-44D4-B931-9FABB2B39ADD}.Release|Any CPU.Build.0 = Release|Any CPU
		{8AEB3188-203F-4FFE-A6DD-0F10F15F6FA8}.Debug|Any CPU.ActiveCfg = Debug|Any CPU
		{8AEB3188-203F-4FFE-A6DD-0F10F15F6FA8}.Debug|Any CPU.Build.0 = Debug|Any CPU
		{8AEB3188-203F-4FFE-A6DD-0F10F15F6FA8}.Release|Any CPU.ActiveCfg = Release|Any CPU
		{8AEB3188-203F-4FFE-A6DD-0F10F15F6FA8}.Release|Any CPU.Build.0 = Release|Any CPU
		{341048D4-1540-41E3-984A-0EEBE8BF2732}.Debug|Any CPU.ActiveCfg = Debug|Any CPU
		{341048D4-1540-41E3-984A-0EEBE8BF2732}.Debug|Any CPU.Build.0 = Debug|Any CPU
		{341048D4-1540-41E3-984A-0EEBE8BF2732}.Release|Any CPU.ActiveCfg = Release|Any CPU
		{341048D4-1540-41E3-984A-0EEBE8BF2732}.Release|Any CPU.Build.0 = Release|Any CPU
	EndGlobalSection
EndGlobal
