{
  "version": 1,
  "dependencies": {
    ".NETStandard,Version=v2.0": {
      "Fable.Browser.Dom": {
        "type": "Direct",
        "requested": "[2.3.0, )",
        "resolved": "2.3.0",
        "contentHash": "x241fnMo6CnAd/jroYi5VJkYWzA+2Iq8v7KScCdHSBRtVHYSpBu7p1o+J0e2G+fPGRS3fjq2mEt8adiITMUOkw==",
        "dependencies": {
          "FSharp.Core": "4.7.2",
          "Fable.Browser.Blob": "1.1.0",
          "Fable.Browser.Event": "1.3.0",
          "Fable.Browser.WebStorage": "1.0.0",
          "Fable.Core": "3.0.0"
        }
      },
      "Fable.Core": {
        "type": "Direct",
        "requested": "[3.2.5, )",
        "resolved": "3.2.5",
        "contentHash": "HgMU0gtBbgnvBn1FzmCR3S+N82EDE2C/rUYkym4vQz1YkbFTa9cBXpNR3oVKxLA/ysr+rvn0rXhMednQsDqZ1g==",
        "dependencies": {
          "FSharp.Core": "4.7.2"
        }
      },
      "Fable.Elmish": {
        "type": "Direct",
        "requested": "[3.1.0, )",
        "resolved": "3.1.0",
        "contentHash": "g6oAwxcKz4mIYvVlaPSrF+YoHrraJf8zpCK7cZpwtAHcbJdZkCmX9jaCYc85PaGOXywbUsulBOH5794HelUqZg==",
        "dependencies": {
          "FSharp.Core": "4.6.2",
          "Fable.Core": "3.0.0"
        }
      },
      "Fable.Elmish.Browser": {
        "type": "Direct",
        "requested": "[3.0.4, )",
        "resolved": "3.0.4",
        "contentHash": "ISrc1kl9Q0xvSgGl3zT7Xd7mFZqYY9kczV8MBW2/KX/V7hANWRgsEL9miZFEp7SsIjuwQJKe5EYSKbWjgW7J8A==",
        "dependencies": {
          "FSharp.Core": "4.6.2",
          "Fable.Browser.Dom": "1.0.0",
          "Fable.Core": "3.0.0",
          "Fable.Elmish": "3.0.0"
        }
      },
      "Fable.Elmish.HMR": {
        "type": "Direct",
        "requested": "[4.1.0, )",
        "resolved": "4.1.0",
        "contentHash": "JGKiA28wBunqZ2GQ5BbAA0a5wUppmwlAFM8BfmYUqzDkEtrVUDPq86sKzLTFkU3Xg8PPNIl+/6/J73+kkTpuaQ==",
        "dependencies": {
          "FSharp.Core": "4.6.2",
          "Fable.Core": "3.0.0",
          "Fable.Elmish.Browser": "3.0.4",
          "Fable.Elmish.React": "3.0.1"
        }
      },
      "Fable.Elmish.React": {
        "type": "Direct",
        "requested": "[3.0.1, )",
        "resolved": "3.0.1",
        "contentHash": "4VG0iY/Qdz0DR1G9VkwsYY+iDcLMnTUYV0h8LoJluvgfoHUe1BFcyK+C01MU5e15SZzHtRMdTbNcEeG3kPBcrQ==",
        "dependencies": {
          "FSharp.Core": "4.6.2",
          "Fable.Core": "3.0.0",
          "Fable.Elmish": "3.0.0",
          "Fable.React": "5.1.0"
        }
      },
      "Fable.Promise": {
        "type": "Direct",
        "requested": "[2.2.0, )",
        "resolved": "2.2.0",
        "contentHash": "NudbsTw9q21vsgdzW/w8svYCodZHPsSIObNYqHMFb8VASV4n6jiVNfq7svvbHtYP1jsVTaDzlfegDstSuHs+qA==",
        "dependencies": {
          "FSharp.Core": "5.0.0",
          "Fable.Core": "3.1.5"
        }
      },
      "Feliz": {
        "type": "Direct",
        "requested": "[1.40.0, )",
        "resolved": "1.40.0",
        "contentHash": "+dzLbhEfV/9PvA6ziPN9fdXuo3U362t2u8Z9sBkMhipEmxz5BKYDyvgh+Z4gPhImME60otUa3+OznBQFsNv73w==",
        "dependencies": {
          "FSharp.Core": "4.7.2",
          "Fable.Core": "3.1.5",
          "Fable.React": "7.0.1",
          "Feliz.CompilerPlugins": "1.5.0"
        }
      },
      "Feliz.Bulma": {
        "type": "Direct",
        "requested": "[2.11.0, )",
        "resolved": "2.11.0",
        "contentHash": "ej3cXzt/1cMDoVCdkJDqRC0d/DRezBzra22iJdvwk9FNWdz2OydB/fpffzRad1D20xE3i2fY/GWSK9uJIIZRUA==",
        "dependencies": {
          "FSharp.Core": "5.0.0",
          "Feliz": "1.32.0"
        }
      },
      "FSharp.Core": {
        "type": "Direct",
        "requested": "[5.0.0, )",
        "resolved": "5.0.0",
        "contentHash": "iHoYXA0VaSQUONGENB1aVafjDDZDZpwu39MtaRCTrmwFW/cTcK0b2yKNVYneFHJMc3ChtsSoM9lNtJ1dYXkHfA=="
      },
      "NETStandard.Library": {
        "type": "Direct",
        "requested": "[2.0.3, )",
        "resolved": "2.0.3",
        "contentHash": "st47PosZSHrjECdjeIzZQbzivYBJFv6P2nv4cj2ypdI204DO+vZ7l5raGMiX4eXMJ53RfOIg+/s4DHVZ54Nu2A==",
        "dependencies": {
          "Microsoft.NETCore.Platforms": "1.1.0"
        }
      },
      "Fable.AST": {
        "type": "Transitive",
        "resolved": "3.0.0",
        "contentHash": "ZOdBEEBln959E+F7vGim1zvf80iJAFWtH/hAcQRAU9aCs/8ZGf/kWk7TdlW0xuRK50dvALgWZKJc0Hd/2OP0XA=="
      },
      "Fable.Browser.Blob": {
        "type": "Transitive",
        "resolved": "1.1.0",
        "contentHash": "xMX7hPFwBUGuj75xLlH6VsVThZjRlGW4zOqXb1X+byRPLSBE91vtn9EueNUB+YpGhE9LfrtakIPNGy+dkoMkjg==",
        "dependencies": {
          "FSharp.Core": "4.6.2",
          "Fable.Core": "3.0.0"
        }
      },
      "Fable.Browser.Event": {
        "type": "Transitive",
        "resolved": "1.3.0",
        "contentHash": "kq0w2XWXtCZRkWE/NZ3S1UAxB9z+D6PYbz9Y76oEGozhxstnoSE835rPdr9H0QoKbbilPEo/P40fbatnaosz0g==",
        "dependencies": {
          "FSharp.Core": "4.7.2",
          "Fable.Browser.Gamepad": "1.0.0",
          "Fable.Core": "3.0.0"
        }
      },
      "Fable.Browser.Gamepad": {
        "type": "Transitive",
        "resolved": "1.0.0",
        "contentHash": "dMc/ACwqqJH1ENAZGzqFwsrBXV2/uuLsGYhNW76PnLhSxseAWVO0DjjZP0JdiPBi6kJB3G8aJNTFiTnZb9Ei0Q==",
        "dependencies": {
          "FSharp.Core": "4.7.2",
          "Fable.Core": "3.0.0"
        }
      },
      "Fable.Browser.WebStorage": {
        "type": "Transitive",
        "resolved": "1.0.0",
        "contentHash": "ZqnZKYkhPO+wmJPxQqtiwSc3zCC/mB37SPlVi4ZLiHoPFnra7SQ3qaRn4/ENYTeaVtVq92eVaYbTyAOnFn+GPA==",
        "dependencies": {
          "FSharp.Core": "4.5.2",
          "Fable.Browser.Event": "1.0.0",
          "Fable.Core": "3.0.0"
        }
      },
      "Fable.React": {
        "type": "Transitive",
        "resolved": "7.0.1",
        "contentHash": "k85/ZQHqid27RN6Z/sqYbrMU8G5ezmphm3Qmqx4JC5qY6QUA6KW1d1BG8RyETGWktwENmwAHv1TaMvowiZPA7g==",
        "dependencies": {
          "FSharp.Core": "4.7.1",
          "Fable.Browser.Dom": "2.0.1",
          "Fable.Core": "3.1.5"
        }
      },
      "Feliz.CompilerPlugins": {
        "type": "Transitive",
        "resolved": "1.5.0",
        "contentHash": "zOO/CFX+A24dHnj/XAg81f6O5Ehk9vHk4YSzRZqBejeSJoecQNvcqX/WE7VbpvDenYYAj4ufLI+MecWMipeULg==",
        "dependencies": {
          "FSharp.Core": "4.7.2",
          "Fable.AST": "3.0.0"
        }
      },
      "Microsoft.NETCore.Platforms": {
        "type": "Transitive",
        "resolved": "1.1.0",
        "contentHash": "kz0PEW2lhqygehI/d6XsPCQzD7ff7gUJaVGPVETX611eadGsA3A877GdSlU0LRVMCTH/+P3o2iDTak+S08V2+A=="
      },
      "fable.form": {
        "type": "Project",
        "dependencies": {
          "FSharp.Core": "5.0.0",
          "Fable.Core": "3.2.5"
        }
      },
      "fable.form.simple": {
        "type": "Project",
        "dependencies": {
          "FSharp.Core": "5.0.0",
          "Fable.Core": "3.2.5",
          "Fable.Elmish": "3.1.0",
          "Fable.Form": "0.1.0-alpha-001",
          "Feliz": "1.40.0"
        }
      },
      "fable.form.simple.bulma": {
        "type": "Project",
        "dependencies": {
          "FSharp.Core": "5.0.0",
          "Fable.Core": "3.2.5",
          "Fable.Form": "0.1.0-alpha-001",
          "Fable.Form.Simple": "0.1.0-alpha-001",
          "Feliz": "1.40.0",
          "Feliz.Bulma": "2.11.0"
        }
      }
    }
  }
}