{
  "version": 2,
  "dependencies": {
    ".NETStandard,Version=v2.1": {
      "Fable.Browser.Dom": {
        "type": "Direct",
        "requested": "[2.17.0, )",
        "resolved": "2.17.0",
        "contentHash": "3hwWkRkAszcvzsWC5k/PHW5E5on9ZnU80GOjjE9jz3FLXZESZxHm/19PHU7d7j4FbYzaajGe9IZuNvSXdbtJEg==",
        "dependencies": {
          "FSharp.Core": "4.7.2",
          "Fable.Browser.Blob": "1.4.0",
          "Fable.Browser.Event": "1.6.0",
          "Fable.Browser.WebStorage": "1.3.0",
          "Fable.Core": "3.2.8"
        }
      },
      "Fable.Elmish": {
        "type": "Direct",
        "requested": "[4.2.0, )",
        "resolved": "4.2.0",
        "contentHash": "A8lDcHbz2AKcwFa6IlnK8I/21nbsxBcP5Vxq6Gp+jT8dU7Vjpnk8Pbry5+zQrlqjwt1XHU/S5Oo0KZqaGemPUA==",
        "dependencies": {
          "FSharp.Core": "4.7.2",
          "Fable.Core": "3.7.1"
        }
      },
      "Fable.Elmish.Browser": {
        "type": "Direct",
        "requested": "[4.0.3, )",
        "resolved": "4.0.3",
        "contentHash": "0+vGk6QZPdepeIvw2vQLHZIryum9oFjA+LyXrGpWwlXMjsvz9aBGrWYDbo+RzN7hZ602Z3pxmFAb3XTEsElPMw==",
        "dependencies": {
          "FSharp.Core": "4.7.2",
          "Fable.Browser.Dom": "2.14.0",
          "Fable.Elmish": "4.1.0",
          "Fable.Elmish.UrlParser": "1.0.2"
        }
      },
      "Fable.Elmish.HMR": {
        "type": "Direct",
        "requested": "[7.0.0, )",
        "resolved": "7.0.0",
        "contentHash": "4A3u0H3wdmF00UBFJGJK6jlRxzEgkYOegDj2bgVzYTD1L17+0mCy9+QqAYJMuOGtA2klrKAHcU43tYdm0o2Fnw==",
        "dependencies": {
          "FSharp.Core": "4.7.2",
          "Fable.Core": "3.7.1",
          "Fable.Elmish.React": "4.0.0"
        }
      },
      "Fable.Elmish.React": {
        "type": "Direct",
        "requested": "[4.0.0, )",
        "resolved": "4.0.0",
        "contentHash": "cMuWet7DhxgN2G1caYLwjLvoMkH1u75U36cUyL07yxNt/dmGp8GD/+RTtL9wpkfeThfeJHHouCkR708mJcMRpA==",
        "dependencies": {
          "FSharp.Core": "4.7.2",
          "Fable.Elmish": "4.0.0",
          "Fable.ReactDom.Types": "18.0.0"
        }
      },
      "Fable.Promise": {
        "type": "Direct",
        "requested": "[3.2.0, )",
        "resolved": "3.2.0",
        "contentHash": "4A+Iiembrny2h3AE2BIbchfuLmWHNhpkOTvbTtFXHtGzHVMqEVFRXrAfdy83wX2wK5Og3fqRo1y8t/Bqkd7j6g==",
        "dependencies": {
          "FSharp.Core": "4.7.2",
          "Fable.Core": "3.7.1"
        }
      },
      "Feliz": {
        "type": "Direct",
        "requested": "[2.8.0, )",
        "resolved": "2.8.0",
        "contentHash": "wW96P86ZY7dDYy86TQyU4NI8u1EWgaFi8STH1Ysrr+uxhjF+sJbWUK6MI/YPKhCyQrD5KwuY+FvpcF1m1B2Owg==",
        "dependencies": {
          "FSharp.Core": "4.7.2",
          "Fable.ReactDom.Types": "18.2.0",
          "Feliz.CompilerPlugins": "2.2.0"
        }
      },
      "Feliz.Bulma": {
        "type": "Direct",
        "requested": "[3.0.0, )",
        "resolved": "3.0.0",
        "contentHash": "EmHFhfZFddllyA7ZP6FHs0bAo/FjwZrkcAusfZGz2BQnMfQZ+zaNIKMZuvQgbfJ0vBJQTkaazVMWCA91Y2O3bQ==",
        "dependencies": {
          "FSharp.Core": "4.7.2",
          "Feliz": "2.4.0"
        }
      },
      "FSharp.Core": {
        "type": "Direct",
        "requested": "[5.0.2, )",
        "resolved": "5.0.2",
        "contentHash": "DpcajqENgb3VXaHw1FKfVS+TWwEzck1PCajqLwBAVrtd1lfxd7T8JISVZBdV1mX9+2g48+tIgpNaVJWObdMrBw=="
      },
      "Fable.AST": {
        "type": "Transitive",
        "resolved": "4.2.1",
        "contentHash": "/4V6U7Qw/WIRRxm9NJ7b+YTXTRCTk6/YKeJnbKYaVbtT45MstA3jkFvRfV0FqVFtkG9AL4uccetreygTjK7nbQ=="
      },
      "Fable.Browser.Blob": {
        "type": "Transitive",
        "resolved": "1.4.0",
        "contentHash": "UlaxrIXUfMmABjP+8a4XJp/Af+eCRKa8KJ57Olq4sqphmPLn/gNtp3sk5hRNBZ385lwUszbO5yd3Q/rrl9BdOQ==",
        "dependencies": {
          "FSharp.Core": "4.7.2",
          "Fable.Core": "3.2.8"
        }
      },
      "Fable.Browser.Event": {
        "type": "Transitive",
        "resolved": "1.6.0",
        "contentHash": "0oog9V+AT4LRmfgFHRljTiBL+kT0HHbATxFMd6kUDDIXYwZmT4EU/ykbeAMmHtpLEwUnt3u6OpxlxZ1WiRnkIw==",
        "dependencies": {
          "FSharp.Core": "4.7.2",
          "Fable.Browser.Gamepad": "1.3.0",
          "Fable.Core": "3.2.8"
        }
      },
      "Fable.Browser.Gamepad": {
        "type": "Transitive",
        "resolved": "1.3.0",
        "contentHash": "C4HZDzCgff+U094QjpQlJh425W5j5/vojvOi2FV5UFS34l7TJ6YBgBPpKoro02QhAi/UF3AeocR+V2yiYxHb0A==",
        "dependencies": {
          "FSharp.Core": "4.7.2",
          "Fable.Core": "3.2.8"
        }
      },
      "Fable.Browser.WebStorage": {
        "type": "Transitive",
        "resolved": "1.3.0",
        "contentHash": "x8JL9oEtPiK0JY4GrRTqhomiLxT6Jaiv5uu8VXiNeA78bFvUogZWxQeejsK83iNFGErK5wpdiPd0tsREZTRLeg==",
        "dependencies": {
          "FSharp.Core": "4.7.2",
          "Fable.Browser.Event": "1.6.0",
          "Fable.Core": "3.2.8"
        }
      },
      "Fable.Core": {
        "type": "Transitive",
        "resolved": "3.7.1",
        "contentHash": "IzcCfF96VRC+Rp4B2VtVdOad2TF+Vxi1aVKHZISIJOUW0aOfeiNHwfBaG85UnY5xjzVwtSYxVEuwHphP/41YnQ=="
      },
      "Fable.Elmish.UrlParser": {
        "type": "Transitive",
        "resolved": "1.0.2",
        "contentHash": "qGAUCanlmGePl5LNM+eSOt1sEI/AheOvtfQXU8XJcIeIL+61iAmRmyeMBavlscuXzEkMYBO3Mbf147GH/GIUgg==",
        "dependencies": {
          "FSharp.Core": "4.7.2"
        }
      },
      "Fable.React.Types": {
        "type": "Transitive",
        "resolved": "18.3.0",
        "contentHash": "/b8WZ3Bdfhqy9r60ZK9JGZaGNjIMb0ogsrvWIg3k7KfCEvJs5X6+7hCybVkyjVoxwzn9wLyYGRbh5wmuHQT/Vg==",
        "dependencies": {
          "FSharp.Core": "4.7.2",
          "Fable.Browser.Dom": "2.4.4",
          "Fable.Core": "3.2.7"
        }
      },
      "Fable.ReactDom.Types": {
        "type": "Transitive",
        "resolved": "18.2.0",
        "contentHash": "2WoBjsLiSgrvR68OJXko0iVaqeMbkPM5Bx813A1WlxOSCJ50M9fwnlwG/MUEZtiOIhQmku/YTJY5a8E8r1+j2Q==",
        "dependencies": {
          "FSharp.Core": "4.7.2",
          "Fable.React.Types": "18.3.0"
        }
      },
      "Feliz.CompilerPlugins": {
        "type": "Transitive",
        "resolved": "2.2.0",
        "contentHash": "ACkO++Hp4lUrEx/axeehIL5/3R8jMnak+CYpzd0/kLpejp9BETtrgjHK7oj6Lh3V9fB7WoAKsCxyPSrm4ADN2w==",
        "dependencies": {
          "FSharp.Core": "4.7.2",
          "Fable.AST": "4.2.1"
        }
      },
      "fable.form": {
        "type": "Project",
        "dependencies": {
          "Fable.Package.SDK": "[0.1.0, )"
        }
      },
      "fable.form.simple": {
        "type": "Project",
        "dependencies": {
          "Fable.Elmish": "[4.2.0, )",
          "Fable.Form": "[2.0.0, )",
          "Fable.Package.SDK": "[0.1.0, )",
          "Feliz": "[2.8.0, )"
        }
      },
      "fable.form.simple.bulma": {
        "type": "Project",
        "dependencies": {
          "Fable.Form": "[2.0.0, )",
          "Fable.Form.Simple": "[4.1.0, )",
          "Fable.Package.SDK": "[0.1.0, )",
          "Feliz": "[2.8.0, )",
          "Feliz.Bulma": "[3.0.0, )"
        }
      },
      "Fable.Package.SDK": {
        "type": "CentralTransitive",
        "requested": "[0.1.0, )",
        "resolved": "0.1.0",
        "contentHash": "wrEcGovUimN0PRGgVHlX/gsqCm5d/p9eOG74iaHoteX2dsFZQ9P7d066LRAl5Gj7GUHy7azLyDE41KFvZx1v9A=="
      }
    }
  }
}